// !$*UTF8*$!
{
	archiveVersion = 1;
	classes = {
	};
	objectVersion = 56;
	objects = {

/* Begin PBXBuildFile section */
		2984A43B2C0698E1003E34E9 /* AppDelegate.swift in Sources */ = {isa = PBXBuildFile; fileRef = 2984A43A2C0698E1003E34E9 /* AppDelegate.swift */; };
		2984A43D2C0698E1003E34E9 /* GameScene.sks in Resources */ = {isa = PBXBuildFile; fileRef = 2984A43C2C0698E1003E34E9 /* GameScene.sks */; };
		2984A43F2C0698E1003E34E9 /* Actions.sks in Resources */ = {isa = PBXBuildFile; fileRef = 2984A43E2C0698E1003E34E9 /* Actions.sks */; };
		2984A4412C0698E1003E34E9 /* GameScene.swift in Sources */ = {isa = PBXBuildFile; fileRef = 2984A4402C0698E1003E34E9 /* GameScene.swift */; };
		2984A4432C0698E1003E34E9 /* GameViewController.swift in Sources */ = {isa = PBXBuildFile; fileRef = 2984A4422C0698E1003E34E9 /* GameViewController.swift */; };
		2984A4462C0698E1003E34E9 /* Main.storyboard in Resources */ = {isa = PBXBuildFile; fileRef = 2984A4442C0698E1003E34E9 /* Main.storyboard */; };
		2984A4482C0698E3003E34E9 /* Assets.xcassets in Resources */ = {isa = PBXBuildFile; fileRef = 2984A4472C0698E3003E34E9 /* Assets.xcassets */; };
		2984A44B2C0698E3003E34E9 /* LaunchScreen.storyboard in Resources */ = {isa = PBXBuildFile; fileRef = 2984A4492C0698E3003E34E9 /* LaunchScreen.storyboard */; };
		2984A4552C0698E3003E34E9 /* visionprohorrorTests.swift in Sources */ = {isa = PBXBuildFile; fileRef = 2984A4542C0698E3003E34E9 /* visionprohorrorTests.swift */; };
		2984A45F2C0698E3003E34E9 /* visionprohorrorUITests.swift in Sources */ = {isa = PBXBuildFile; fileRef = 2984A45E2C0698E3003E34E9 /* visionprohorrorUITests.swift */; };
		2984A4612C0698E3003E34E9 /* visionprohorrorUITestsLaunchTests.swift in Sources */ = {isa = PBXBuildFile; fileRef = 2984A4602C0698E3003E34E9 /* visionprohorrorUITestsLaunchTests.swift */; };
/* End PBXBuildFile section */

/* Begin PBXContainerItemProxy section */
		2984A4512C0698E3003E34E9 /* PBXContainerItemProxy */ = {
			isa = PBXContainerItemProxy;
			containerPortal = 2984A42F2C0698E1003E34E9 /* Project object */;
			proxyType = 1;
			remoteGlobalIDString = 2984A4362C0698E1003E34E9;
			remoteInfo = visionprohorror;
		};
		2984A45B2C0698E3003E34E9 /* PBXContainerItemProxy */ = {
			isa = PBXContainerItemProxy;
			containerPortal = 2984A42F2C0698E1003E34E9 /* Project object */;
			proxyType = 1;
			remoteGlobalIDString = 2984A4362C0698E1003E34E9;
			remoteInfo = visionprohorror;
		};
/* End PBXContainerItemProxy section */

/* Begin PBXFileReference section */
		2984A4372C0698E1003E34E9 /* visionprohorror.app */ = {isa = PBXFileReference; explicitFileType = wrapper.application; includeInIndex = 0; path = visionprohorror.app; sourceTree = BUILT_PRODUCTS_DIR; };
		2984A43A2C0698E1003E34E9 /* AppDelegate.swift */ = {isa = PBXFileReference; lastKnownFileType = sourcecode.swift; path = AppDelegate.swift; sourceTree = "<group>"; };
		2984A43C2C0698E1003E34E9 /* GameScene.sks */ = {isa = PBXFileReference; lastKnownFileType = file.sks; path = GameScene.sks; sourceTree = "<group>"; };
		2984A43E2C0698E1003E34E9 /* Actions.sks */ = {isa = PBXFileReference; lastKnownFileType = file.sks; path = Actions.sks; sourceTree = "<group>"; };
		2984A4402C0698E1003E34E9 /* GameScene.swift */ = {isa = PBXFileReference; lastKnownFileType = sourcecode.swift; path = GameScene.swift; sourceTree = "<group>"; };
		2984A4422C0698E1003E34E9 /* GameViewController.swift */ = {isa = PBXFileReference; lastKnownFileType = sourcecode.swift; path = GameViewController.swift; sourceTree = "<group>"; };
		2984A4452C0698E1003E34E9 /* Base */ = {isa = PBXFileReference; lastKnownFileType = file.storyboard; name = Base; path = Base.lproj/Main.storyboard; sourceTree = "<group>"; };
		2984A4472C0698E3003E34E9 /* Assets.xcassets */ = {isa = PBXFileReference; lastKnownFileType = folder.assetcatalog; path = Assets.xcassets; sourceTree = "<group>"; };
		2984A44A2C0698E3003E34E9 /* Base */ = {isa = PBXFileReference; lastKnownFileType = file.storyboard; name = Base; path = Base.lproj/LaunchScreen.storyboard; sourceTree = "<group>"; };
		2984A4502C0698E3003E34E9 /* visionprohorrorTests.xctest */ = {isa = PBXFileReference; explicitFileType = wrapper.cfbundle; includeInIndex = 0; path = visionprohorrorTests.xctest; sourceTree = BUILT_PRODUCTS_DIR; };
		2984A4542C0698E3003E34E9 /* visionprohorrorTests.swift */ = {isa = PBXFileReference; lastKnownFileType = sourcecode.swift; path = visionprohorrorTests.swift; sourceTree = "<group>"; };
		2984A45A2C0698E3003E34E9 /* visionprohorrorUITests.xctest */ = {isa = PBXFileReference; explicitFileType = wrapper.cfbundle; includeInIndex = 0; path = visionprohorrorUITests.xctest; sourceTree = BUILT_PRODUCTS_DIR; };
		2984A45E2C0698E3003E34E9 /* visionprohorrorUITests.swift */ = {isa = PBXFileReference; lastKnownFileType = sourcecode.swift; path = visionprohorrorUITests.swift; sourceTree = "<group>"; };
		2984A4602C0698E3003E34E9 /* visionprohorrorUITestsLaunchTests.swift */ = {isa = PBXFileReference; lastKnownFileType = sourcecode.swift; path = visionprohorrorUITestsLaunchTests.swift; sourceTree = "<group>"; };
/* End PBXFileReference section */

/* Begin PBXFrameworksBuildPhase section */
		2984A4342C0698E1003E34E9 /* Frameworks */ = {
			isa = PBXFrameworksBuildPhase;
			buildActionMask = 2147483647;
			files = (
			);
			runOnlyForDeploymentPostprocessing = 0;
		};
		2984A44D2C0698E3003E34E9 /* Frameworks */ = {
			isa = PBXFrameworksBuildPhase;
			buildActionMask = 2147483647;
			files = (
			);
			runOnlyForDeploymentPostprocessing = 0;
		};
		2984A4572C0698E3003E34E9 /* Frameworks */ = {
			isa = PBXFrameworksBuildPhase;
			buildActionMask = 2147483647;
			files = (
			);
			runOnlyForDeploymentPostprocessing = 0;
		};
/* End PBXFrameworksBuildPhase section */

/* Begin PBXGroup section */
		2984A42E2C0698E1003E34E9 = {
			isa = PBXGroup;
			children = (
				2984A4392C0698E1003E34E9 /* visionprohorror */,
				2984A4532C0698E3003E34E9 /* visionprohorrorTests */,
				2984A45D2C0698E3003E34E9 /* visionprohorrorUITests */,
				2984A4382C0698E1003E34E9 /* Products */,
			);
			sourceTree = "<group>";
		};
		2984A4382C0698E1003E34E9 /* Products */ = {
			isa = PBXGroup;
			children = (
				2984A4372C0698E1003E34E9 /* visionprohorror.app */,
				2984A4502C0698E3003E34E9 /* visionprohorrorTests.xctest */,
				2984A45A2C0698E3003E34E9 /* visionprohorrorUITests.xctest */,
			);
			name = Products;
			sourceTree = "<group>";
		};
		2984A4392C0698E1003E34E9 /* visionprohorror */ = {
			isa = PBXGroup;
			children = (
				2984A43A2C0698E1003E34E9 /* AppDelegate.swift */,
				2984A43C2C0698E1003E34E9 /* GameScene.sks */,
				2984A43E2C0698E1003E34E9 /* Actions.sks */,
				2984A4402C0698E1003E34E9 /* GameScene.swift */,
				2984A4422C0698E1003E34E9 /* GameViewController.swift */,
				2984A4442C0698E1003E34E9 /* Main.storyboard */,
				2984A4472C0698E3003E34E9 /* Assets.xcassets */,
				2984A4492C0698E3003E34E9 /* LaunchScreen.storyboard */,
			);
			path = visionprohorror;
			sourceTree = "<group>";
		};
		2984A4532C0698E3003E34E9 /* visionprohorrorTests */ = {
			isa = PBXGroup;
			children = (
				2984A4542C0698E3003E34E9 /* visionprohorrorTests.swift */,
			);
			path = visionprohorrorTests;
			sourceTree = "<group>";
		};
		2984A45D2C0698E3003E34E9 /* visionprohorrorUITests */ = {
			isa = PBXGroup;
			children = (
				2984A45E2C0698E3003E34E9 /* visionprohorrorUITests.swift */,
				2984A4602C0698E3003E34E9 /* visionprohorrorUITestsLaunchTests.swift */,
			);
			path = visionprohorrorUITests;
			sourceTree = "<group>";
		};
/* End PBXGroup section */

/* Begin PBXNativeTarget section */
		2984A4362C0698E1003E34E9 /* visionprohorror */ = {
			isa = PBXNativeTarget;
			buildConfigurationList = 2984A4642C0698E3003E34E9 /* Build configuration list for PBXNativeTarget "visionprohorror" */;
			buildPhases = (
				2984A4332C0698E1003E34E9 /* Sources */,
				2984A4342C0698E1003E34E9 /* Frameworks */,
				2984A4352C0698E1003E34E9 /* Resources */,
			);
			buildRules = (
			);
			dependencies = (
			);
			name = visionprohorror;
			productName = visionprohorror;
			productReference = 2984A4372C0698E1003E34E9 /* visionprohorror.app */;
			productType = "com.apple.product-type.application";
		};
		2984A44F2C0698E3003E34E9 /* visionprohorrorTests */ = {
			isa = PBXNativeTarget;
			buildConfigurationList = 2984A4672C0698E3003E34E9 /* Build configuration list for PBXNativeTarget "visionprohorrorTests" */;
			buildPhases = (
				2984A44C2C0698E3003E34E9 /* Sources */,
				2984A44D2C0698E3003E34E9 /* Frameworks */,
				2984A44E2C0698E3003E34E9 /* Resources */,
			);
			buildRules = (
			);
			dependencies = (
				2984A4522C0698E3003E34E9 /* PBXTargetDependency */,
			);
			name = visionprohorrorTests;
			productName = visionprohorrorTests;
			productReference = 2984A4502C0698E3003E34E9 /* visionprohorrorTests.xctest */;
			productType = "com.apple.product-type.bundle.unit-test";
		};
		2984A4592C0698E3003E34E9 /* visionprohorrorUITests */ = {
			isa = PBXNativeTarget;
			buildConfigurationList = 2984A46A2C0698E3003E34E9 /* Build configuration list for PBXNativeTarget "visionprohorrorUITests" */;
			buildPhases = (
				2984A4562C0698E3003E34E9 /* Sources */,
				2984A4572C0698E3003E34E9 /* Frameworks */,
				2984A4582C0698E3003E34E9 /* Resources */,
			);
			buildRules = (
			);
			dependencies = (
				2984A45C2C0698E3003E34E9 /* PBXTargetDependency */,
			);
			name = visionprohorrorUITests;
			productName = visionprohorrorUITests;
			productReference = 2984A45A2C0698E3003E34E9 /* visionprohorrorUITests.xctest */;
			productType = "com.apple.product-type.bundle.ui-testing";
		};
/* End PBXNativeTarget section */

/* Begin PBXProject section */
		2984A42F2C0698E1003E34E9 /* Project object */ = {
			isa = PBXProject;
			attributes = {
				BuildIndependentTargetsInParallel = 1;
				LastSwiftUpdateCheck = 1430;
				LastUpgradeCheck = 1430;
				TargetAttributes = {
					2984A4362C0698E1003E34E9 = {
						CreatedOnToolsVersion = 14.3.1;
					};
					2984A44F2C0698E3003E34E9 = {
						CreatedOnToolsVersion = 14.3.1;
						TestTargetID = 2984A4362C0698E1003E34E9;
					};
					2984A4592C0698E3003E34E9 = {
						CreatedOnToolsVersion = 14.3.1;
						TestTargetID = 2984A4362C0698E1003E34E9;
					};
				};
			};
			buildConfigurationList = 2984A4322C0698E1003E34E9 /* Build configuration list for PBXProject "visionprohorror" */;
			compatibilityVersion = "Xcode 14.0";
			developmentRegion = en;
			hasScannedForEncodings = 0;
			knownRegions = (
				en,
				Base,
			);
			mainGroup = 2984A42E2C0698E1003E34E9;
			productRefGroup = 2984A4382C0698E1003E34E9 /* Products */;
			projectDirPath = "";
			projectRoot = "";
			targets = (
				2984A4362C0698E1003E34E9 /* visionprohorror */,
				2984A44F2C0698E3003E34E9 /* visionprohorrorTests */,
				2984A4592C0698E3003E34E9 /* visionprohorrorUITests */,
			);
		};
/* End PBXProject section */

/* Begin PBXResourcesBuildPhase section */
		2984A4352C0698E1003E34E9 /* Resources */ = {
			isa = PBXResourcesBuildPhase;
			buildActionMask = 2147483647;
			files = (
				2984A4462C0698E1003E34E9 /* Main.storyboard in Resources */,
				2984A43D2C0698E1003E34E9 /* GameScene.sks in Resources */,
				2984A4482C0698E3003E34E9 /* Assets.xcassets in Resources */,
				2984A44B2C0698E3003E34E9 /* LaunchScreen.storyboard in Resources */,
				2984A43F2C0698E1003E34E9 /* Actions.sks in Resources */,
			);
			runOnlyForDeploymentPostprocessing = 0;
		};
		2984A44E2C0698E3003E34E9 /* Resources */ = {
			isa = PBXResourcesBuildPhase;
			buildActionMask = 2147483647;
			files = (
			);
			runOnlyForDeploymentPostprocessing = 0;
		};
		2984A4582C0698E3003E34E9 /* Resources */ = {
			isa = PBXResourcesBuildPhase;
			buildActionMask = 2147483647;
			files = (
			);
			runOnlyForDeploymentPostprocessing = 0;
		};
/* End PBXResourcesBuildPhase section */

/* Begin PBXSourcesBuildPhase section */
		2984A4332C0698E1003E34E9 /* Sources */ = {
			isa = PBXSourcesBuildPhase;
			buildActionMask = 2147483647;
			files = (
				2984A4412C0698E1003E34E9 /* GameScene.swift in Sources */,
				2984A4432C0698E1003E34E9 /* GameViewController.swift in Sources */,
				2984A43B2C0698E1003E34E9 /* AppDelegate.swift in Sources */,
			);
			runOnlyForDeploymentPostprocessing = 0;
		};
		2984A44C2C0698E3003E34E9 /* Sources */ = {
			isa = PBXSourcesBuildPhase;
			buildActionMask = 2147483647;
			files = (
				2984A4552C0698E3003E34E9 /* visionprohorrorTests.swift in Sources */,
			);
			runOnlyForDeploymentPostprocessing = 0;
		};
		2984A4562C0698E3003E34E9 /* Sources */ = {
			isa = PBXSourcesBuildPhase;
			buildActionMask = 2147483647;
			files = (
				2984A4612C0698E3003E34E9 /* visionprohorrorUITestsLaunchTests.swift in Sources */,
				2984A45F2C0698E3003E34E9 /* visionprohorrorUITests.swift in Sources */,
			);
			runOnlyForDeploymentPostprocessing = 0;
		};
/* End PBXSourcesBuildPhase section */

/* Begin PBXTargetDependency section */
		2984A4522C0698E3003E34E9 /* PBXTargetDependency */ = {
			isa = PBXTargetDependency;
			target = 2984A4362C0698E1003E34E9 /* visionprohorror */;
			targetProxy = 2984A4512C0698E3003E34E9 /* PBXContainerItemProxy */;
		};
		2984A45C2C0698E3003E34E9 /* PBXTargetDependency */ = {
			isa = PBXTargetDependency;
			target = 2984A4362C0698E1003E34E9 /* visionprohorror */;
			targetProxy = 2984A45B2C0698E3003E34E9 /* PBXContainerItemProxy */;
		};
/* End PBXTargetDependency section */

/* Begin PBXVariantGroup section */
		2984A4442C0698E1003E34E9 /* Main.storyboard */ = {
			isa = PBXVariantGroup;
			children = (
				2984A4452C0698E1003E34E9 /* Base */,
			);
			name = Main.storyboard;
			sourceTree = "<group>";
		};
		2984A4492C0698E3003E34E9 /* LaunchScreen.storyboard */ = {
			isa = PBXVariantGroup;
			children = (
				2984A44A2C0698E3003E34E9 /* Base */,
			);
			name = LaunchScreen.storyboard;
			sourceTree = "<group>";
		};
/* End PBXVariantGroup section */

/* Begin XCBuildConfiguration section */
		2984A4622C0698E3003E34E9 /* Debug */ = {
			isa = XCBuildConfiguration;
			buildSettings = {
				ALWAYS_SEARCH_USER_PATHS = NO;
				CLANG_ANALYZER_NONNULL = YES;
				CLANG_ANALYZER_NUMBER_OBJECT_CONVERSION = YES_AGGRESSIVE;
				CLANG_CXX_LANGUAGE_STANDARD = "gnu++20";
				CLANG_ENABLE_MODULES = YES;
				CLANG_ENABLE_OBJC_ARC = YES;
				CLANG_ENABLE_OBJC_WEAK = YES;
				CLANG_WARN_BLOCK_CAPTURE_AUTORELEASING = YES;
				CLANG_WARN_BOOL_CONVERSION = YES;
				CLANG_WARN_COMMA = YES;
				CLANG_WARN_CONSTANT_CONVERSION = YES;
				CLANG_WARN_DEPRECATED_OBJC_IMPLEMENTATIONS = YES;
				CLANG_WARN_DIRECT_OBJC_ISA_USAGE = YES_ERROR;
				CLANG_WARN_DOCUMENTATION_COMMENTS = YES;
				CLANG_WARN_EMPTY_BODY = YES;
				CLANG_WARN_ENUM_CONVERSION = YES;
				CLANG_WARN_INFINITE_RECURSION = YES;
				CLANG_WARN_INT_CONVERSION = YES;
				CLANG_WARN_NON_LITERAL_NULL_CONVERSION = YES;
				CLANG_WARN_OBJC_IMPLICIT_RETAIN_SELF = YES;
				CLANG_WARN_OBJC_LITERAL_CONVERSION = YES;
				CLANG_WARN_OBJC_ROOT_CLASS = YES_ERROR;
				CLANG_WARN_QUOTED_INCLUDE_IN_FRAMEWORK_HEADER = YES;
				CLANG_WARN_RANGE_LOOP_ANALYSIS = YES;
				CLANG_WARN_STRICT_PROTOTYPES = YES;
				CLANG_WARN_SUSPICIOUS_MOVE = YES;
				CLANG_WARN_UNGUARDED_AVAILABILITY = YES_AGGRESSIVE;
				CLANG_WARN_UNREACHABLE_CODE = YES;
				CLANG_WARN__DUPLICATE_METHOD_MATCH = YES;
				COPY_PHASE_STRIP = NO;
				DEBUG_INFORMATION_FORMAT = dwarf;
				ENABLE_STRICT_OBJC_MSGSEND = YES;
				ENABLE_TESTABILITY = YES;
				GCC_C_LANGUAGE_STANDARD = gnu11;
				GCC_DYNAMIC_NO_PIC = NO;
				GCC_NO_COMMON_BLOCKS = YES;
				GCC_OPTIMIZATION_LEVEL = 0;
				GCC_PREPROCESSOR_DEFINITIONS = (
					"DEBUG=1",
					"$(inherited)",
				);
				GCC_WARN_64_TO_32_BIT_CONVERSION = YES;
				GCC_WARN_ABOUT_RETURN_TYPE = YES_ERROR;
				GCC_WARN_UNDECLARED_SELECTOR = YES;
				GCC_WARN_UNINITIALIZED_AUTOS = YES_AGGRESSIVE;
				GCC_WARN_UNUSED_FUNCTION = YES;
				GCC_WARN_UNUSED_VARIABLE = YES;
				MTL_ENABLE_DEBUG_INFO = INCLUDE_SOURCE;
				MTL_FAST_MATH = YES;
				ONLY_ACTIVE_ARCH = YES;
				SDKROOT = appletvos;
				SWIFT_ACTIVE_COMPILATION_CONDITIONS = DEBUG;
				SWIFT_OPTIMIZATION_LEVEL = "-Onone";
				TVOS_DEPLOYMENT_TARGET = 16.4;
			};
			name = Debug;
		};
		2984A4632C0698E3003E34E9 /* Release */ = {
			isa = XCBuildConfiguration;
			buildSettings = {
				ALWAYS_SEARCH_USER_PATHS = NO;
				CLANG_ANALYZER_NONNULL = YES;
				CLANG_ANALYZER_NUMBER_OBJECT_CONVERSION = YES_AGGRESSIVE;
				CLANG_CXX_LANGUAGE_STANDARD = "gnu++20";
				CLANG_ENABLE_MODULES = YES;
				CLANG_ENABLE_OBJC_ARC = YES;
				CLANG_ENABLE_OBJC_WEAK = YES;
				CLANG_WARN_BLOCK_CAPTURE_AUTORELEASING = YES;
				CLANG_WARN_BOOL_CONVERSION = YES;
				CLANG_WARN_COMMA = YES;
				CLANG_WARN_CONSTANT_CONVERSION = YES;
				CLANG_WARN_DEPRECATED_OBJC_IMPLEMENTATIONS = YES;
				CLANG_WARN_DIRECT_OBJC_ISA_USAGE = YES_ERROR;
				CLANG_WARN_DOCUMENTATION_COMMENTS = YES;
				CLANG_WARN_EMPTY_BODY = YES;
				CLANG_WARN_ENUM_CONVERSION = YES;
				CLANG_WARN_INFINITE_RECURSION = YES;
				CLANG_WARN_INT_CONVERSION = YES;
				CLANG_WARN_NON_LITERAL_NULL_CONVERSION = YES;
				CLANG_WARN_OBJC_IMPLICIT_RETAIN_SELF = YES;
				CLANG_WARN_OBJC_LITERAL_CONVERSION = YES;
				CLANG_WARN_OBJC_ROOT_CLASS = YES_ERROR;
				CLANG_WARN_QUOTED_INCLUDE_IN_FRAMEWORK_HEADER = YES;
				CLANG_WARN_RANGE_LOOP_ANALYSIS = YES;
				CLANG_WARN_STRICT_PROTOTYPES = YES;
				CLANG_WARN_SUSPICIOUS_MOVE = YES;
				CLANG_WARN_UNGUARDED_AVAILABILITY = YES_AGGRESSIVE;
				CLANG_WARN_UNREACHABLE_CODE = YES;
				CLANG_WARN__DUPLICATE_METHOD_MATCH = YES;
				COPY_PHASE_STRIP = NO;
				DEBUG_INFORMATION_FORMAT = "dwarf-with-dsym";
				ENABLE_NS_ASSERTIONS = NO;
				ENABLE_STRICT_OBJC_MSGSEND = YES;
				GCC_C_LANGUAGE_STANDARD = gnu11;
				GCC_NO_COMMON_BLOCKS = YES;
				GCC_WARN_64_TO_32_BIT_CONVERSION = YES;
				GCC_WARN_ABOUT_RETURN_TYPE = YES_ERROR;
				GCC_WARN_UNDECLARED_SELECTOR = YES;
				GCC_WARN_UNINITIALIZED_AUTOS = YES_AGGRESSIVE;
				GCC_WARN_UNUSED_FUNCTION = YES;
				GCC_WARN_UNUSED_VARIABLE = YES;
				MTL_ENABLE_DEBUG_INFO = NO;
				MTL_FAST_MATH = YES;
				SDKROOT = appletvos;
				SWIFT_COMPILATION_MODE = wholemodule;
				SWIFT_OPTIMIZATION_LEVEL = "-O";
				TVOS_DEPLOYMENT_TARGET = 16.4;
				VALIDATE_PRODUCT = YES;
			};
			name = Release;
		};
		2984A4652C0698E3003E34E9 /* Debug */ = {
			isa = XCBuildConfiguration;
			buildSettings = {
				ASSETCATALOG_COMPILER_APPICON_NAME = "App Icon & Top Shelf Image";
				ASSETCATALOG_COMPILER_GLOBAL_ACCENT_COLOR_NAME = AccentColor;
				CODE_SIGN_STYLE = Automatic;
				CURRENT_PROJECT_VERSION = 1;
				GENERATE_INFOPLIST_FILE = YES;
				INFOPLIST_KEY_UILaunchStoryboardName = LaunchScreen;
				INFOPLIST_KEY_UIMainStoryboardFile = Main;
				INFOPLIST_KEY_UIUserInterfaceStyle = Automatic;
				LD_RUNPATH_SEARCH_PATHS = (
					"$(inherited)",
					"@executable_path/Frameworks",
				);
				MARKETING_VERSION = 1.0;
				PRODUCT_BUNDLE_IDENTIFIER = a.visionprohorror;
				PRODUCT_NAME = "$(TARGET_NAME)";
				SWIFT_EMIT_LOC_STRINGS = YES;
				SWIFT_VERSION = 5.0;
				TARGETED_DEVICE_FAMILY = 3;
			};
			name = Debug;
		};
		2984A4662C0698E3003E34E9 /* Release */ = {
			isa = XCBuildConfiguration;
			buildSettings = {
				ASSETCATALOG_COMPILER_APPICON_NAME = "App Icon & Top Shelf Image";
				ASSETCATALOG_COMPILER_GLOBAL_ACCENT_COLOR_NAME = AccentColor;
				CODE_SIGN_STYLE = Automatic;
				CURRENT_PROJECT_VERSION = 1;
				GENERATE_INFOPLIST_FILE = YES;
				INFOPLIST_KEY_UILaunchStoryboardName = LaunchScreen;
				INFOPLIST_KEY_UIMainStoryboardFile = Main;
				INFOPLIST_KEY_UIUserInterfaceStyle = Automatic;
				LD_RUNPATH_SEARCH_PATHS = (
					"$(inherited)",
					"@executable_path/Frameworks",
				);
				MARKETING_VERSION = 1.0;
				PRODUCT_BUNDLE_IDENTIFIER = a.visionprohorror;
				PRODUCT_NAME = "$(TARGET_NAME)";
				SWIFT_EMIT_LOC_STRINGS = YES;
				SWIFT_VERSION = 5.0;
				TARGETED_DEVICE_FAMILY = 3;
			};
			name = Release;
		};
		2984A4682C0698E3003E34E9 /* Debug */ = {
			isa = XCBuildConfiguration;
			buildSettings = {
				ALWAYS_EMBED_SWIFT_STANDARD_LIBRARIES = YES;
				BUNDLE_LOADER = "$(TEST_HOST)";
				CODE_SIGN_STYLE = Automatic;
				CURRENT_PROJECT_VERSION = 1;
				GENERATE_INFOPLIST_FILE = YES;
				MARKETING_VERSION = 1.0;
				PRODUCT_BUNDLE_IDENTIFIER = a.visionprohorrorTests;
				PRODUCT_NAME = "$(TARGET_NAME)";
				SWIFT_EMIT_LOC_STRINGS = NO;
				SWIFT_VERSION = 5.0;
				TARGETED_DEVICE_FAMILY = 3;
				TEST_HOST = "$(BUILT_PRODUCTS_DIR)/visionprohorror.app/$(BUNDLE_EXECUTABLE_FOLDER_PATH)/visionprohorror";
				TVOS_DEPLOYMENT_TARGET = 16.4;
			};
			name = Debug;
		};
		2984A4692C0698E3003E34E9 /* Release */ = {
			isa = XCBuildConfiguration;
			buildSettings = {
				ALWAYS_EMBED_SWIFT_STANDARD_LIBRARIES = YES;
				BUNDLE_LOADER = "$(TEST_HOST)";
				CODE_SIGN_STYLE = Automatic;
				CURRENT_PROJECT_VERSION = 1;
				GENERATE_INFOPLIST_FILE = YES;
				MARKETING_VERSION = 1.0;
				PRODUCT_BUNDLE_IDENTIFIER = a.visionprohorrorTests;
				PRODUCT_NAME = "$(TARGET_NAME)";
				SWIFT_EMIT_LOC_STRINGS = NO;
				SWIFT_VERSION = 5.0;
				TARGETED_DEVICE_FAMILY = 3;
				TEST_HOST = "$(BUILT_PRODUCTS_DIR)/visionprohorror.app/$(BUNDLE_EXECUTABLE_FOLDER_PATH)/visionprohorror";
				TVOS_DEPLOYMENT_TARGET = 16.4;
			};
			name = Release;
		};
		2984A46B2C0698E3003E34E9 /* Debug */ = {
			isa = XCBuildConfiguration;
			buildSettings = {
				ALWAYS_EMBED_SWIFT_STANDARD_LIBRARIES = YES;
				CODE_SIGN_STYLE = Automatic;
				CURRENT_PROJECT_VERSION = 1;
				GENERATE_INFOPLIST_FILE = YES;
				MARKETING_VERSION = 1.0;
				PRODUCT_BUNDLE_IDENTIFIER = a.visionprohorrorUITests;
				PRODUCT_NAME = "$(TARGET_NAME)";
				SWIFT_EMIT_LOC_STRINGS = NO;
				SWIFT_VERSION = 5.0;
				TARGETED_DEVICE_FAMILY = 3;
				TEST_TARGET_NAME = visionprohorror;
			};
			name = Debug;
		};
		2984A46C2C0698E3003E34E9 /* Release */ = {
			isa = XCBuildConfiguration;
			buildSettings = {
				ALWAYS_EMBED_SWIFT_STANDARD_LIBRARIES = YES;
				CODE_SIGN_STYLE = Automatic;
				CURRENT_PROJECT_VERSION = 1;
				GENERATE_INFOPLIST_FILE = YES;
				MARKETING_VERSION = 1.0;
				PRODUCT_BUNDLE_IDENTIFIER = a.visionprohorrorUITests;
				PRODUCT_NAME = "$(TARGET_NAME)";
				SWIFT_EMIT_LOC_STRINGS = NO;
				SWIFT_VERSION = 5.0;
				TARGETED_DEVICE_FAMILY = 3;
				TEST_TARGET_NAME = visionprohorror;
			};
			name = Release;
		};
/* End XCBuildConfiguration section */

/* Begin XCConfigurationList section */
		2984A4322C0698E1003E34E9 /* Build configuration list for PBXProject "visionprohorror" */ = {
			isa = XCConfigurationList;
			buildConfigurations = (
				2984A4622C0698E3003E34E9 /* Debug */,
				2984A4632C0698E3003E34E9 /* Release */,
			);
			defaultConfigurationIsVisible = 0;
			defaultConfigurationName = Release;
		};
		2984A4642C0698E3003E34E9 /* Build configuration list for PBXNativeTarget "visionprohorror" */ = {
			isa = XCConfigurationList;
			buildConfigurations = (
				2984A4652C0698E3003E34E9 /* Debug */,
				2984A4662C0698E3003E34E9 /* Release */,
			);
			defaultConfigurationIsVisible = 0;
			defaultConfigurationName = Release;
		};
		2984A4672C0698E3003E34E9 /* Build configuration list for PBXNativeTarget "visionprohorrorTests" */ = {
			isa = XCConfigurationList;
			buildConfigurations = (
				2984A4682C0698E3003E34E9 /* Debug */,
				2984A4692C0698E3003E34E9 /* Release */,
			);
			defaultConfigurationIsVisible = 0;
			defaultConfigurationName = Release;
		};
		2984A46A2C0698E3003E34E9 /* Build configuration list for PBXNativeTarget "visionprohorrorUITests" */ = {
			isa = XCConfigurationList;
			buildConfigurations = (
				2984A46B2C0698E3003E34E9 /* Debug */,
				2984A46C2C0698E3003E34E9 /* Release */,
			);
			defaultConfigurationIsVisible = 0;
			defaultConfigurationName = Release;
		};
/* End XCConfigurationList section */
	};
	rootObject = 2984A42F2C0698E1003E34E9 /* Project object */;
}
